
Microsoft Visual Studio Solution File, Format Version 12.00
# Visual Studio Version 17
VisualStudioVersion = 17.0.31912.275
MinimumVisualStudioVersion = 10.0.40219.1
Project("{FAE04EC0-301F-11D3-BF4B-00C04F79EFBC}") = "TaxCalculator", "TaxCalculator.csproj", "{C6C0CA01-22D8-48CB-9CAE-8893FC160A9B}"
EndProject
Global
	GlobalSection(SolutionConfigurationPlatforms) = preSolution
		Debug|Any CPU = Debug|Any CPU
		Release|Any CPU = Release|Any CPU
	EndGlobalSection
	GlobalSection(ProjectConfigurationPlatforms) = postSolution
		{C6C0CA01-22D8-48CB-9CAE-8893FC160A9B}.Debug|Any CPU.ActiveCfg = Debug|Any CPU
		{C6C0CA01-22D8-48CB-9CAE-8893FC160A9B}.Debug|Any CPU.Build.0 = Debug|Any CPU
		{C6C0CA01-22D8-48CB-9CAE-8893FC160A9B}.Release|Any CPU.ActiveCfg = Release|Any CPU
		{C6C0CA01-22D8-48CB-9CAE-8893FC160A9B}.Release|Any CPU.Build.0 = Release|Any CPU
	EndGlobalSection
	GlobalSection(SolutionProperties) = preSolution
		HideSolutionNode = FALSE
	EndGlobalSection
	GlobalSection(ExtensibilityGlobals) = postSolution
		SolutionGuid = {BBE265A4-0950-4EDA-ACFA-C4D7C7CA883C}
	EndGlobalSection
EndGlobal
